// !$*UTF8*$!
{
	archiveVersion = 1;
	classes = {
	};
	objectVersion = 50;
	objects = {

/* Begin PBXBuildFile section */
		0A78510924730DBD0091A020 /* AppDelegate.m in Sources */ = {isa = PBXBuildFile; fileRef = 0A78510824730DBD0091A020 /* AppDelegate.m */; };
		0A78510F24730DBD0091A020 /* ViewController.m in Sources */ = {isa = PBXBuildFile; fileRef = 0A78510E24730DBD0091A020 /* ViewController.m */; };
		0A78511224730DBD0091A020 /* Main.storyboard in Resources */ = {isa = PBXBuildFile; fileRef = 0A78511024730DBD0091A020 /* Main.storyboard */; };
		0A78511724730DBF0091A020 /* LaunchScreen.storyboard in Resources */ = {isa = PBXBuildFile; fileRef = 0A78511524730DBF0091A020 /* LaunchScreen.storyboard */; };
		0A78511A24730DBF0091A020 /* main.m in Sources */ = {isa = PBXBuildFile; fileRef = 0A78511924730DBF0091A020 /* main.m */; };
		0A785123247315570091A020 /* Assets.xcassets in Resources */ = {isa = PBXBuildFile; fileRef = 0A785122247315570091A020 /* Assets.xcassets */; };
		0A78514E2473C8860091A020 /* SchemesData.m in Sources */ = {isa = PBXBuildFile; fileRef = 0A78514D2473C8860091A020 /* SchemesData.m */; };
		0A7851522473CC170091A020 /* SceneDelegate.m in Sources */ = {isa = PBXBuildFile; fileRef = 0A7851502473CC170091A020 /* SceneDelegate.m */; };
/* End PBXBuildFile section */

/* Begin PBXFileReference section */
		0A78510424730DBD0091A020 /* CheckApp.app */ = {isa = PBXFileReference; explicitFileType = wrapper.application; includeInIndex = 0; path = CheckApp.app; sourceTree = BUILT_PRODUCTS_DIR; };
		0A78510724730DBD0091A020 /* AppDelegate.h */ = {isa = PBXFileReference; lastKnownFileType = sourcecode.c.h; path = AppDelegate.h; sourceTree = "<group>"; };
		0A78510824730DBD0091A020 /* AppDelegate.m */ = {isa = PBXFileReference; lastKnownFileType = sourcecode.c.objc; path = AppDelegate.m; sourceTree = "<group>"; };
		0A78510D24730DBD0091A020 /* ViewController.h */ = {isa = PBXFileReference; lastKnownFileType = sourcecode.c.h; path = ViewController.h; sourceTree = "<group>"; };
		0A78510E24730DBD0091A020 /* ViewController.m */ = {isa = PBXFileReference; lastKnownFileType = sourcecode.c.objc; path = ViewController.m; sourceTree = "<group>"; };
		0A78511124730DBD0091A020 /* Base */ = {isa = PBXFileReference; lastKnownFileType = file.storyboard; name = Base; path = Base.lproj/Main.storyboard; sourceTree = "<group>"; };
		0A78511624730DBF0091A020 /* Base */ = {isa = PBXFileReference; lastKnownFileType = file.storyboard; name = Base; path = Base.lproj/LaunchScreen.storyboard; sourceTree = "<group>"; };
		0A78511824730DBF0091A020 /* Info.plist */ = {isa = PBXFileReference; lastKnownFileType = text.plist.xml; path = Info.plist; sourceTree = "<group>"; };
		0A78511924730DBF0091A020 /* main.m */ = {isa = PBXFileReference; lastKnownFileType = sourcecode.c.objc; path = main.m; sourceTree = "<group>"; };
		0A785122247315570091A020 /* Assets.xcassets */ = {isa = PBXFileReference; lastKnownFileType = folder.assetcatalog; path = Assets.xcassets; sourceTree = "<group>"; };
		0A78514C2473C8860091A020 /* SchemesData.h */ = {isa = PBXFileReference; lastKnownFileType = sourcecode.c.h; path = SchemesData.h; sourceTree = "<group>"; };
		0A78514D2473C8860091A020 /* SchemesData.m */ = {isa = PBXFileReference; lastKnownFileType = sourcecode.c.objc; path = SchemesData.m; sourceTree = "<group>"; };
		0A7851502473CC170091A020 /* SceneDelegate.m */ = {isa = PBXFileReference; fileEncoding = 4; lastKnownFileType = sourcecode.c.objc; path = SceneDelegate.m; sourceTree = "<group>"; };
		0A7851512473CC170091A020 /* SceneDelegate.h */ = {isa = PBXFileReference; fileEncoding = 4; lastKnownFileType = sourcecode.c.h; path = SceneDelegate.h; sourceTree = "<group>"; };
/* End PBXFileReference section */

/* Begin PBXFrameworksBuildPhase section */
		0A78510124730DBD0091A020 /* Frameworks */ = {
			isa = PBXFrameworksBuildPhase;
			buildActionMask = 2147483647;
			files = (
			);
			runOnlyForDeploymentPostprocessing = 0;
		};
/* End PBXFrameworksBuildPhase section */

/* Begin PBXGroup section */
		0A7850FB24730DBD0091A020 = {
			isa = PBXGroup;
			children = (
				0A78510624730DBD0091A020 /* CheckApp */,
				0A78510524730DBD0091A020 /* Products */,
			);
			sourceTree = "<group>";
		};
		0A78510524730DBD0091A020 /* Products */ = {
			isa = PBXGroup;
			children = (
				0A78510424730DBD0091A020 /* CheckApp.app */,
			);
			name = Products;
			sourceTree = "<group>";
		};
		0A78510624730DBD0091A020 /* CheckApp */ = {
			isa = PBXGroup;
			children = (
				0A78511824730DBF0091A020 /* Info.plist */,
				0A78514C2473C8860091A020 /* SchemesData.h */,
				0A78514D2473C8860091A020 /* SchemesData.m */,
				0A78510D24730DBD0091A020 /* ViewController.h */,
				0A78510E24730DBD0091A020 /* ViewController.m */,
				0A78514F2473C8B30091A020 /* Resources */,
			);
			path = CheckApp;
			sourceTree = "<group>";
		};
		0A78514F2473C8B30091A020 /* Resources */ = {
			isa = PBXGroup;
			children = (
				0A7851512473CC170091A020 /* SceneDelegate.h */,
				0A7851502473CC170091A020 /* SceneDelegate.m */,
				0A78510724730DBD0091A020 /* AppDelegate.h */,
				0A78510824730DBD0091A020 /* AppDelegate.m */,
				0A785122247315570091A020 /* Assets.xcassets */,
				0A78511024730DBD0091A020 /* Main.storyboard */,
				0A78511524730DBF0091A020 /* LaunchScreen.storyboard */,
				0A78511924730DBF0091A020 /* main.m */,
			);
			path = Resources;
			sourceTree = "<group>";
		};
/* End PBXGroup section */

/* Begin PBXNativeTarget section */
		0A78510324730DBD0091A020 /* CheckApp */ = {
			isa = PBXNativeTarget;
			buildConfigurationList = 0A78511D24730DBF0091A020 /* Build configuration list for PBXNativeTarget "CheckApp" */;
			buildPhases = (
				0A78510024730DBD0091A020 /* Sources */,
				0A78510124730DBD0091A020 /* Frameworks */,
				0A78510224730DBD0091A020 /* Resources */,
			);
			buildRules = (
			);
			dependencies = (
			);
			name = CheckApp;
			productName = CheckApp;
			productReference = 0A78510424730DBD0091A020 /* CheckApp.app */;
			productType = "com.apple.product-type.application";
		};
/* End PBXNativeTarget section */

/* Begin PBXProject section */
		0A7850FC24730DBD0091A020 /* Project object */ = {
			isa = PBXProject;
			attributes = {
				LastUpgradeCheck = 1130;
				ORGANIZATIONNAME = xxx;
				TargetAttributes = {
					0A78510324730DBD0091A020 = {
						CreatedOnToolsVersion = 11.3.1;
					};
				};
			};
			buildConfigurationList = 0A7850FF24730DBD0091A020 /* Build configuration list for PBXProject "CheckApp" */;
			compatibilityVersion = "Xcode 9.3";
			developmentRegion = en;
			hasScannedForEncodings = 0;
			knownRegions = (
				en,
				Base,
			);
			mainGroup = 0A7850FB24730DBD0091A020;
			productRefGroup = 0A78510524730DBD0091A020 /* Products */;
			projectDirPath = "";
			projectRoot = "";
			targets = (
				0A78510324730DBD0091A020 /* CheckApp */,
			);
		};
/* End PBXProject section */

/* Begin PBXResourcesBuildPhase section */
		0A78510224730DBD0091A020 /* Resources */ = {
			isa = PBXResourcesBuildPhase;
			buildActionMask = 2147483647;
			files = (
				0A78511724730DBF0091A020 /* LaunchScreen.storyboard in Resources */,
				0A785123247315570091A020 /* Assets.xcassets in Resources */,
				0A78511224730DBD0091A020 /* Main.storyboard in Resources */,
			);
			runOnlyForDeploymentPostprocessing = 0;
		};
/* End PBXResourcesBuildPhase section */

/* Begin PBXSourcesBuildPhase section */
		0A78510024730DBD0091A020 /* Sources */ = {
			isa = PBXSourcesBuildPhase;
			buildActionMask = 2147483647;
			files = (
				0A78514E2473C8860091A020 /* SchemesData.m in Sources */,
				0A78510F24730DBD0091A020 /* ViewController.m in Sources */,
				0A7851522473CC170091A020 /* SceneDelegate.m in Sources */,
				0A78510924730DBD0091A020 /* AppDelegate.m in Sources */,
				0A78511A24730DBF0091A020 /* main.m in Sources */,
			);
			runOnlyForDeploymentPostprocessing = 0;
		};
/* End PBXSourcesBuildPhase section */

/* Begin PBXVariantGroup section */
		0A78511024730DBD0091A020 /* Main.storyboard */ = {
			isa = PBXVariantGroup;
			children = (
				0A78511124730DBD0091A020 /* Base */,
			);
			name = Main.storyboard;
			sourceTree = "<group>";
		};
		0A78511524730DBF0091A020 /* LaunchScreen.storyboard */ = {
			isa = PBXVariantGroup;
			children = (
				0A78511624730DBF0091A020 /* Base */,
			);
			name = LaunchScreen.storyboard;
			sourceTree = "<group>";
		};
/* End PBXVariantGroup section */

/* Begin XCBuildConfiguration section */
		0A78511B24730DBF0091A020 /* Debug */ = {
			isa = XCBuildConfiguration;
			buildSettings = {
				ALWAYS_SEARCH_USER_PATHS = NO;
				CLANG_ANALYZER_NONNULL = YES;
				CLANG_ANALYZER_NUMBER_OBJECT_CONVERSION = YES_AGGRESSIVE;
				CLANG_CXX_LANGUAGE_STANDARD = "gnu++14";
				CLANG_CXX_LIBRARY = "libc++";
				CLANG_ENABLE_MODULES = YES;
				CLANG_ENABLE_OBJC_ARC = YES;
				CLANG_ENABLE_OBJC_WEAK = YES;
				CLANG_WARN_BLOCK_CAPTURE_AUTORELEASING = YES;
				CLANG_WARN_BOOL_CONVERSION = YES;
				CLANG_WARN_COMMA = YES;
				CLANG_WARN_CONSTANT_CONVERSION = YES;
				CLANG_WARN_DEPRECATED_OBJC_IMPLEMENTATIONS = YES;
				CLANG_WARN_DIRECT_OBJC_ISA_USAGE = YES_ERROR;
				CLANG_WARN_DOCUMENTATION_COMMENTS = YES;
				CLANG_WARN_EMPTY_BODY = YES;
				CLANG_WARN_ENUM_CONVERSION = YES;
				CLANG_WARN_INFINITE_RECURSION = YES;
				CLANG_WARN_INT_CONVERSION = YES;
				CLANG_WARN_NON_LITERAL_NULL_CONVERSION = YES;
				CLANG_WARN_OBJC_IMPLICIT_RETAIN_SELF = YES;
				CLANG_WARN_OBJC_LITERAL_CONVERSION = YES;
				CLANG_WARN_OBJC_ROOT_CLASS = YES_ERROR;
				CLANG_WARN_RANGE_LOOP_ANALYSIS = YES;
				CLANG_WARN_STRICT_PROTOTYPES = YES;
				CLANG_WARN_SUSPICIOUS_MOVE = YES;
				CLANG_WARN_UNGUARDED_AVAILABILITY = YES_AGGRESSIVE;
				CLANG_WARN_UNREACHABLE_CODE = YES;
				CLANG_WARN__DUPLICATE_METHOD_MATCH = YES;
				COPY_PHASE_STRIP = NO;
				DEBUG_INFORMATION_FORMAT = dwarf;
				ENABLE_STRICT_OBJC_MSGSEND = YES;
				ENABLE_TESTABILITY = YES;
				GCC_C_LANGUAGE_STANDARD = gnu11;
				GCC_DYNAMIC_NO_PIC = NO;
				GCC_NO_COMMON_BLOCKS = YES;
				GCC_OPTIMIZATION_LEVEL = 0;
				GCC_PREPROCESSOR_DEFINITIONS = (
					"DEBUG=1",
					"$(inherited)",
				);
				GCC_WARN_64_TO_32_BIT_CONVERSION = YES;
				GCC_WARN_ABOUT_RETURN_TYPE = YES_ERROR;
				GCC_WARN_UNDECLARED_SELECTOR = YES;
				GCC_WARN_UNINITIALIZED_AUTOS = YES_AGGRESSIVE;
				GCC_WARN_UNUSED_FUNCTION = YES;
				GCC_WARN_UNUSED_VARIABLE = YES;
				IPHONEOS_DEPLOYMENT_TARGET = 13.2;
				MTL_ENABLE_DEBUG_INFO = INCLUDE_SOURCE;
				MTL_FAST_MATH = YES;
				ONLY_ACTIVE_ARCH = YES;
				SDKROOT = iphoneos;
			};
			name = Debug;
		};
		0A78511C24730DBF0091A020 /* Release */ = {
			isa = XCBuildConfiguration;
			buildSettings = {
				ALWAYS_SEARCH_USER_PATHS = NO;
				CLANG_ANALYZER_NONNULL = YES;
				CLANG_ANALYZER_NUMBER_OBJECT_CONVERSION = YES_AGGRESSIVE;
				CLANG_CXX_LANGUAGE_STANDARD = "gnu++14";
				CLANG_CXX_LIBRARY = "libc++";
				CLANG_ENABLE_MODULES = YES;
				CLANG_ENABLE_OBJC_ARC = YES;
				CLANG_ENABLE_OBJC_WEAK = YES;
				CLANG_WARN_BLOCK_CAPTURE_AUTORELEASING = YES;
				CLANG_WARN_BOOL_CONVERSION = YES;
				CLANG_WARN_COMMA = YES;
				CLANG_WARN_CONSTANT_CONVERSION = YES;
				CLANG_WARN_DEPRECATED_OBJC_IMPLEMENTATIONS = YES;
				CLANG_WARN_DIRECT_OBJC_ISA_USAGE = YES_ERROR;
				CLANG_WARN_DOCUMENTATION_COMMENTS = YES;
				CLANG_WARN_EMPTY_BODY = YES;
				CLANG_WARN_ENUM_CONVERSION = YES;
				CLANG_WARN_INFINITE_RECURSION = YES;
				CLANG_WARN_INT_CONVERSION = YES;
				CLANG_WARN_NON_LITERAL_NULL_CONVERSION = YES;
				CLANG_WARN_OBJC_IMPLICIT_RETAIN_SELF = YES;
				CLANG_WARN_OBJC_LITERAL_CONVERSION = YES;
				CLANG_WARN_OBJC_ROOT_CLASS = YES_ERROR;
				CLANG_WARN_RANGE_LOOP_ANALYSIS = YES;
				CLANG_WARN_STRICT_PROTOTYPES = YES;
				CLANG_WARN_SUSPICIOUS_MOVE = YES;
				CLANG_WARN_UNGUARDED_AVAILABILITY = YES_AGGRESSIVE;
				CLANG_WARN_UNREACHABLE_CODE = YES;
				CLANG_WARN__DUPLICATE_METHOD_MATCH = YES;
				COPY_PHASE_STRIP = NO;
				DEBUG_INFORMATION_FORMAT = "dwarf-with-dsym";
				ENABLE_NS_ASSERTIONS = NO;
				ENABLE_STRICT_OBJC_MSGSEND = YES;
				GCC_C_LANGUAGE_STANDARD = gnu11;
				GCC_NO_COMMON_BLOCKS = YES;
				GCC_WARN_64_TO_32_BIT_CONVERSION = YES;
				GCC_WARN_ABOUT_RETURN_TYPE = YES_ERROR;
				GCC_WARN_UNDECLARED_SELECTOR = YES;
				GCC_WARN_UNINITIALIZED_AUTOS = YES_AGGRESSIVE;
				GCC_WARN_UNUSED_FUNCTION = YES;
				GCC_WARN_UNUSED_VARIABLE = YES;
				IPHONEOS_DEPLOYMENT_TARGET = 13.2;
				MTL_ENABLE_DEBUG_INFO = NO;
				MTL_FAST_MATH = YES;
				SDKROOT = iphoneos;
				VALIDATE_PRODUCT = YES;
			};
			name = Release;
		};
		0A78511E24730DBF0091A020 /* Debug */ = {
			isa = XCBuildConfiguration;
			buildSettings = {
				ASSETCATALOG_COMPILER_APPICON_NAME = AppIcon;
				CODE_SIGN_STYLE = Automatic;
				DEVELOPMENT_TEAM = Q8TFCBHVDY;
				INFOPLIST_FILE = CheckApp/Info.plist;
				IPHONEOS_DEPLOYMENT_TARGET = 12.0;
				LD_RUNPATH_SEARCH_PATHS = (
					"$(inherited)",
					"@executable_path/Frameworks",
				);
				PRODUCT_BUNDLE_IDENTIFIER = com.codewars.xx.CheckApp;
				PRODUCT_NAME = "$(TARGET_NAME)";
				TARGETED_DEVICE_FAMILY = "1,2";
			};
			name = Debug;
		};
		0A78511F24730DBF0091A020 /* Release */ = {
			isa = XCBuildConfiguration;
			buildSettings = {
				ASSETCATALOG_COMPILER_APPICON_NAME = AppIcon;
				CODE_SIGN_STYLE = Automatic;
				DEVELOPMENT_TEAM = Q8TFCBHVDY;
				INFOPLIST_FILE = CheckApp/Info.plist;
				IPHONEOS_DEPLOYMENT_TARGET = 12.0;
				LD_RUNPATH_SEARCH_PATHS = (
					"$(inherited)",
					"@executable_path/Frameworks",
				);
				PRODUCT_BUNDLE_IDENTIFIER = com.codewars.xx.CheckApp;
				PRODUCT_NAME = "$(TARGET_NAME)";
				TARGETED_DEVICE_FAMILY = "1,2";
			};
			name = Release;
		};
/* End XCBuildConfiguration section */

/* Begin XCConfigurationList section */
		0A7850FF24730DBD0091A020 /* Build configuration list for PBXProject "CheckApp" */ = {
			isa = XCConfigurationList;
			buildConfigurations = (
				0A78511B24730DBF0091A020 /* Debug */,
				0A78511C24730DBF0091A020 /* Release */,
			);
			defaultConfigurationIsVisible = 0;
			defaultConfigurationName = Release;
		};
		0A78511D24730DBF0091A020 /* Build configuration list for PBXNativeTarget "CheckApp" */ = {
			isa = XCConfigurationList;
			buildConfigurations = (
				0A78511E24730DBF0091A020 /* Debug */,
				0A78511F24730DBF0091A020 /* Release */,
			);
			defaultConfigurationIsVisible = 0;
			defaultConfigurationName = Release;
		};
/* End XCConfigurationList section */
	};
	rootObject = 0A7850FC24730DBD0091A020 /* Project object */;
}
